<?xml version="1.0" encoding="utf-8"?>
<Project ToolsVersion="4.0" xmlns="http://schemas.microsoft.com/developer/msbuild/2003">
  <ItemGroup>
    <Filter Include="Default">
      <UniqueIdentifier>{e9945756-0e90-4a82-bb04-d534d665441f}</UniqueIdentifier>
    </Filter>
    <Filter Include="Default\Resource Files">
      <UniqueIdentifier>{67DA6AB6-F800-4c08-8B7A-83BB121AAD01}</UniqueIdentifier>
      <Extensions>rc;ico;cur;bmp;dlg;rc2;rct;bin;rgs;gif;jpg;jpeg;jpe;resx;tiff;tif;png;wav;mfcribbon-ms</Extensions>
    </Filter>
    <Filter Include="Engine">
      <UniqueIdentifier>{4FC737F1-C7A5-4376-A066-2A32D752A2FF}</UniqueIdentifier>
      <Extensions>cpp;c;cc;cxx;c++;cppm;ixx;def;odl;idl;hpj;bat;asm;asmx</Extensions>
    </Filter>
    <Filter Include="Engine\01. Header">
      <UniqueIdentifier>{7ff84b7f-0e11-4d59-9748-9f9cfc30b0e1}</UniqueIdentifier>
    </Filter>
    <Filter Include="Engine\02. Core">
      <UniqueIdentifier>{39f4dfb5-479f-450c-800a-991bc7f85eac}</UniqueIdentifier>
    </Filter>
    <Filter Include="Engine\03. Manager">
      <UniqueIdentifier>{f2ef364c-d3d3-45e0-b950-f27a14f4482b}</UniqueIdentifier>
    </Filter>
    <Filter Include="Engine\03. Manager\ResMgr">
      <UniqueIdentifier>{3538f17e-9554-49c8-867c-1b9e888ae064}</UniqueIdentifier>
    </Filter>
    <Filter Include="Engine\04. Resource">
      <UniqueIdentifier>{ec4c5071-4052-4a4b-b5f1-ed32b000401c}</UniqueIdentifier>
    </Filter>
    <Filter Include="Engine\04. Resource\Texture">
      <UniqueIdentifier>{14f5664c-e645-4e3e-8f40-087018569917}</UniqueIdentifier>
    </Filter>
    <Filter Include="Engine\03. Manager\PathMgr">
      <UniqueIdentifier>{446a28c6-0019-4a06-8418-6c34fb0cfd74}</UniqueIdentifier>
    </Filter>
    <Filter Include="Engine\03. Manager\TimeMgr">
      <UniqueIdentifier>{fe163a0f-bb02-4142-a3ce-c2eb1751ab71}</UniqueIdentifier>
    </Filter>
    <Filter Include="Engine\03. Manager\KeyMgr">
      <UniqueIdentifier>{18e54792-b9b4-449d-966d-3832bd9bc1fc}</UniqueIdentifier>
    </Filter>
    <Filter Include="Engine\03. Manager\Camera">
      <UniqueIdentifier>{5877fc94-a9eb-4ff7-b834-96cc6b9b0a60}</UniqueIdentifier>
    </Filter>
    <Filter Include="Engine\03. Manager\SceneMgr">
      <UniqueIdentifier>{2ba87e49-1bdf-4ba4-92e8-e309dc919d7e}</UniqueIdentifier>
    </Filter>
    <Filter Include="Engine\05. Scene">
      <UniqueIdentifier>{78050332-7835-4748-b0b7-d0c2608e7c13}</UniqueIdentifier>
    </Filter>
    <Filter Include="Engine\05. Scene\GameScene_Title">
      <UniqueIdentifier>{fd29b53b-0205-4c68-a4a2-c167c7d58c96}</UniqueIdentifier>
    </Filter>
    <Filter Include="Engine\05. Scene\GameScene_Tool">
      <UniqueIdentifier>{967a3e78-f570-4800-8355-5f8d938f8ecc}</UniqueIdentifier>
    </Filter>
    <Filter Include="Engine\06. Object">
      <UniqueIdentifier>{32a6b34a-9cca-4690-a6be-8c526ce0ec4f}</UniqueIdentifier>
    </Filter>
    <Filter Include="Engine\06. Object\Player">
      <UniqueIdentifier>{8c515866-92be-4f6b-8e78-8e25c5f72672}</UniqueIdentifier>
    </Filter>
    <Filter Include="Engine\05. Scene\GameScene_Stage">
      <UniqueIdentifier>{62e77daa-2968-448e-9643-0a4d85c36292}</UniqueIdentifier>
    </Filter>
    <Filter Include="Engine\03. Manager\CollisionMgr">
      <UniqueIdentifier>{3698c616-1c29-4be3-86c9-eb651560aaf4}</UniqueIdentifier>
    </Filter>
    <Filter Include="Engine\07. Component">
      <UniqueIdentifier>{3d3e855b-2032-4571-b7a8-7405b7936f86}</UniqueIdentifier>
    </Filter>
    <Filter Include="Engine\07. Component\Collider">
      <UniqueIdentifier>{2058ca4c-c2f3-49f1-ab7b-299c7568cd8c}</UniqueIdentifier>
    </Filter>
    <Filter Include="Engine\07. Component\RigidBody">
      <UniqueIdentifier>{a849674a-23c4-4ae2-a093-20426a13deba}</UniqueIdentifier>
    </Filter>
    <Filter Include="Engine\07. Component\Animator">
      <UniqueIdentifier>{74b06be5-1d64-4479-b1d8-a7befc49fd76}</UniqueIdentifier>
    </Filter>
    <Filter Include="Engine\07. Component\Animator\Animation">
      <UniqueIdentifier>{18c4e49b-9a15-46bd-ab20-61413ad3ce36}</UniqueIdentifier>
    </Filter>
    <Filter Include="Engine\07. Component\Gravity">
      <UniqueIdentifier>{726e7480-03b2-4a4e-80f0-071cf6d0d45e}</UniqueIdentifier>
    </Filter>
    <Filter Include="Engine\08. Module">
      <UniqueIdentifier>{b37fab4f-ed14-4fd0-9f03-e00b9be47410}</UniqueIdentifier>
    </Filter>
    <Filter Include="Engine\03. Manager\EventMgr">
      <UniqueIdentifier>{69e9824f-d077-4aa8-b6be-9ebe7804d520}</UniqueIdentifier>
    </Filter>
    <Filter Include="Engine\06. Object\Monster">
      <UniqueIdentifier>{1709a970-0456-43e8-b829-33ab22a8abde}</UniqueIdentifier>
    </Filter>
    <Filter Include="Engine\09. Factory">
      <UniqueIdentifier>{c998ef6b-731f-4cd9-bcb8-7bae1e3eaa15}</UniqueIdentifier>
    </Filter>
    <Filter Include="Engine\09. Factory\MonFactory">
      <UniqueIdentifier>{9a3e3b8a-e2b2-41ff-a339-920ad9372aee}</UniqueIdentifier>
    </Filter>
    <Filter Include="Engine\08. Module\AI">
      <UniqueIdentifier>{b98f81e7-15cc-4bce-9eb5-7d3960623f49}</UniqueIdentifier>
    </Filter>
    <Filter Include="Engine\08. Module\AI\State">
      <UniqueIdentifier>{207d2d76-6631-45c4-9b8a-fa4574a736c1}</UniqueIdentifier>
    </Filter>
    <Filter Include="Engine\06. Object\Tile">
      <UniqueIdentifier>{fb106c6d-75c0-49d3-bd15-f17d9d904809}</UniqueIdentifier>
    </Filter>
    <Filter Include="Engine\06. Object\UI">
      <UniqueIdentifier>{99c0ed96-cd95-44b7-8009-52f4d86353e8}</UniqueIdentifier>
    </Filter>
    <Filter Include="Engine\06. Object\UI\PanelUI">
      <UniqueIdentifier>{e13c6a7e-76f1-471a-bfb8-1cf633625860}</UniqueIdentifier>
    </Filter>
    <Filter Include="Engine\06. Object\UI\BtnUI">
      <UniqueIdentifier>{27a5f197-b597-4d53-8328-969b2c269eee}</UniqueIdentifier>
    </Filter>
    <Filter Include="Engine\03. Manager\UIMgr">
      <UniqueIdentifier>{ad879dde-fe1e-495e-8f05-3e3dc6d81fe6}</UniqueIdentifier>
    </Filter>
    <Filter Include="Engine\08. Module\AI\State\Float">
      <UniqueIdentifier>{63724f6a-26eb-437e-8fc4-81a273adee31}</UniqueIdentifier>
    </Filter>
    <Filter Include="Engine\08. Module\AI\State\Ground">
      <UniqueIdentifier>{1851b1db-50f6-49d2-b5bc-9f71ee8d7814}</UniqueIdentifier>
    </Filter>
    <Filter Include="Engine\06. Object\Attack">
      <UniqueIdentifier>{3ad68d11-8e11-4774-b281-d2d0233f524a}</UniqueIdentifier>
    </Filter>
  </ItemGroup>
  <ItemGroup>
    <ClInclude Include="Client.h">
      <Filter>Default</Filter>
    </ClInclude>
    <ClInclude Include="framework.h">
      <Filter>Default</Filter>
    </ClInclude>
    <ClInclude Include="Resource.h">
      <Filter>Default</Filter>
    </ClInclude>
    <ClInclude Include="targetver.h">
      <Filter>Default</Filter>
    </ClInclude>
    <ClInclude Include="GameCore.h">
      <Filter>Engine\02. Core</Filter>
    </ClInclude>
    <ClInclude Include="struct.h">
      <Filter>Engine\01. Header</Filter>
    </ClInclude>
    <ClInclude Include="pch.h" />
    <ClInclude Include="GameResMgr.h">
      <Filter>Engine\03. Manager\ResMgr</Filter>
    </ClInclude>
    <ClInclude Include="define.h">
      <Filter>Engine\01. Header</Filter>
    </ClInclude>
    <ClInclude Include="GameRes.h">
      <Filter>Engine\04. Resource</Filter>
    </ClInclude>
    <ClInclude Include="GameTexture.h">
      <Filter>Engine\04. Resource\Texture</Filter>
    </ClInclude>
    <ClInclude Include="func.h">
      <Filter>Engine\01. Header</Filter>
    </ClInclude>
    <ClInclude Include="GamePathMgr.h">
      <Filter>Engine\03. Manager\PathMgr</Filter>
    </ClInclude>
    <ClInclude Include="GameTimeMgr.h">
      <Filter>Engine\03. Manager\TimeMgr</Filter>
    </ClInclude>
    <ClInclude Include="GameKeyMgr.h">
      <Filter>Engine\03. Manager\KeyMgr</Filter>
    </ClInclude>
    <ClInclude Include="GameCamera.h">
      <Filter>Engine\03. Manager\Camera</Filter>
    </ClInclude>
    <ClInclude Include="GameSceneMgr.h">
      <Filter>Engine\03. Manager\SceneMgr</Filter>
    </ClInclude>
    <ClInclude Include="GameScene.h">
      <Filter>Engine\05. Scene</Filter>
    </ClInclude>
    <ClInclude Include="GameScene_Title.h">
      <Filter>Engine\05. Scene\GameScene_Title</Filter>
    </ClInclude>
    <ClInclude Include="GameScene_Tool.h">
      <Filter>Engine\05. Scene\GameScene_Tool</Filter>
    </ClInclude>
    <ClInclude Include="GameObject.h">
      <Filter>Engine\06. Object</Filter>
    </ClInclude>
    <ClInclude Include="GamePlayer.h">
      <Filter>Engine\06. Object\Player</Filter>
    </ClInclude>
    <ClInclude Include="GameScene_Stage.h">
      <Filter>Engine\05. Scene\GameScene_Stage</Filter>
    </ClInclude>
    <ClInclude Include="GameCollisionMgr.h">
      <Filter>Engine\03. Manager\CollisionMgr</Filter>
    </ClInclude>
    <ClInclude Include="GameCollider.h">
      <Filter>Engine\07. Component\Collider</Filter>
    </ClInclude>
    <ClInclude Include="GameRigidBody.h">
      <Filter>Engine\07. Component\RigidBody</Filter>
    </ClInclude>
    <ClInclude Include="GameAnimator.h">
      <Filter>Engine\07. Component\Animator</Filter>
    </ClInclude>
    <ClInclude Include="GameAnimation.h">
      <Filter>Engine\07. Component\Animator\Animation</Filter>
    </ClInclude>
    <ClInclude Include="GameGravity.h">
      <Filter>Engine\07. Component\Gravity</Filter>
    </ClInclude>
    <ClInclude Include="SelectGDI.h">
      <Filter>Engine\08. Module</Filter>
    </ClInclude>
    <ClInclude Include="GameEventMgr.h">
      <Filter>Engine\03. Manager\EventMgr</Filter>
    </ClInclude>
    <ClInclude Include="GameMonster.h">
      <Filter>Engine\06. Object\Monster</Filter>
    </ClInclude>
    <ClInclude Include="GameMonsterFactory.h">
      <Filter>Engine\09. Factory\MonFactory</Filter>
    </ClInclude>
    <ClInclude Include="AI.h">
      <Filter>Engine\08. Module\AI</Filter>
    </ClInclude>
    <ClInclude Include="GameState.h">
      <Filter>Engine\08. Module\AI\State</Filter>
    </ClInclude>
    <ClInclude Include="GameIdleState.h">
      <Filter>Engine\08. Module\AI\State\Ground</Filter>
    </ClInclude>
    <ClInclude Include="GameTile.h">
      <Filter>Engine\06. Object\Tile</Filter>
    </ClInclude>
    <ClInclude Include="GameUI.h">
      <Filter>Engine\06. Object\UI</Filter>
    </ClInclude>
    <ClInclude Include="GamePanelUI.h">
      <Filter>Engine\06. Object\UI\PanelUI</Filter>
    </ClInclude>
    <ClInclude Include="GameBtnUI.h">
      <Filter>Engine\06. Object\UI\BtnUI</Filter>
    </ClInclude>
    <ClInclude Include="GameUIMgr.h">
      <Filter>Engine\03. Manager\UIMgr</Filter>
    </ClInclude>
    <ClInclude Include="GameSight.h">
      <Filter>Engine\06. Object\Attack</Filter>
    </ClInclude>
    <ClInclude Include="GameFloatIdleState.h">
      <Filter>Engine\08. Module\AI\State\Float</Filter>
    </ClInclude>
    <ClInclude Include="GameWalkState.h">
      <Filter>Engine\08. Module\AI\State\Ground</Filter>
    </ClInclude>
    <ClInclude Include="GameAttack.h">
      <Filter>Engine\06. Object\Attack</Filter>
    </ClInclude>
    <ClInclude Include="GameDrawnState.h">
      <Filter>Engine\08. Module\AI\State</Filter>
    </ClInclude>
  </ItemGroup>
  <ItemGroup>
    <ClCompile Include="GameCore.cpp">
      <Filter>Engine\02. Core</Filter>
    </ClCompile>
    <ClCompile Include="GameResMgr.cpp">
      <Filter>Engine\03. Manager\ResMgr</Filter>
    </ClCompile>
    <ClCompile Include="main.cpp" />
    <ClCompile Include="GameRes.cpp">
      <Filter>Engine\04. Resource</Filter>
    </ClCompile>
    <ClCompile Include="GameTexture.cpp">
      <Filter>Engine\04. Resource\Texture</Filter>
    </ClCompile>
    <ClCompile Include="func.cpp">
      <Filter>Engine\01. Header</Filter>
    </ClCompile>
    <ClCompile Include="GamePathMgr.cpp">
      <Filter>Engine\03. Manager\PathMgr</Filter>
    </ClCompile>
    <ClCompile Include="GameTimeMgr.cpp">
      <Filter>Engine\03. Manager\TimeMgr</Filter>
    </ClCompile>
    <ClCompile Include="GameKeyMgr.cpp">
      <Filter>Engine\03. Manager\KeyMgr</Filter>
    </ClCompile>
    <ClCompile Include="GameCamera.cpp">
      <Filter>Engine\03. Manager\Camera</Filter>
    </ClCompile>
    <ClCompile Include="GameSceneMgr.cpp">
      <Filter>Engine\03. Manager\SceneMgr</Filter>
    </ClCompile>
    <ClCompile Include="GameScene.cpp">
      <Filter>Engine\05. Scene</Filter>
    </ClCompile>
    <ClCompile Include="GameScene_Title.cpp">
      <Filter>Engine\05. Scene\GameScene_Title</Filter>
    </ClCompile>
    <ClCompile Include="GameScene_Tool.cpp">
      <Filter>Engine\05. Scene\GameScene_Tool</Filter>
    </ClCompile>
    <ClCompile Include="GameObject.cpp">
      <Filter>Engine\06. Object</Filter>
    </ClCompile>
    <ClCompile Include="GamePlayer.cpp">
      <Filter>Engine\06. Object\Player</Filter>
    </ClCompile>
    <ClCompile Include="GameScene_Stage.cpp">
      <Filter>Engine\05. Scene\GameScene_Stage</Filter>
    </ClCompile>
    <ClCompile Include="GameCollisionMgr.cpp">
      <Filter>Engine\03. Manager\CollisionMgr</Filter>
    </ClCompile>
    <ClCompile Include="GameCollider.cpp">
      <Filter>Engine\07. Component\Collider</Filter>
    </ClCompile>
    <ClCompile Include="GameRigidBody.cpp">
      <Filter>Engine\07. Component\RigidBody</Filter>
    </ClCompile>
    <ClCompile Include="GameAnimator.cpp">
      <Filter>Engine\07. Component\Animator</Filter>
    </ClCompile>
    <ClCompile Include="GameAnimation.cpp">
      <Filter>Engine\07. Component\Animator\Animation</Filter>
    </ClCompile>
    <ClCompile Include="GameGravity.cpp">
      <Filter>Engine\07. Component\Gravity</Filter>
    </ClCompile>
    <ClCompile Include="SelectGDI.cpp">
      <Filter>Engine\08. Module</Filter>
    </ClCompile>
    <ClCompile Include="GameEventMgr.cpp">
      <Filter>Engine\03. Manager\EventMgr</Filter>
    </ClCompile>
    <ClCompile Include="GameMonster.cpp">
      <Filter>Engine\06. Object\Monster</Filter>
    </ClCompile>
    <ClCompile Include="GameMonsterFactory.cpp">
      <Filter>Engine\09. Factory\MonFactory</Filter>
    </ClCompile>
    <ClCompile Include="AI.cpp">
      <Filter>Engine\08. Module\AI</Filter>
    </ClCompile>
    <ClCompile Include="GameState.cpp">
      <Filter>Engine\08. Module\AI\State</Filter>
    </ClCompile>
    <ClCompile Include="GameIdleState.cpp">
      <Filter>Engine\08. Module\AI\State\Ground</Filter>
    </ClCompile>
    <ClCompile Include="GameTile.cpp">
      <Filter>Engine\06. Object\Tile</Filter>
    </ClCompile>
    <ClCompile Include="GameUI.cpp">
      <Filter>Engine\06. Object\UI</Filter>
    </ClCompile>
    <ClCompile Include="GamePanelUI.cpp">
      <Filter>Engine\06. Object\UI\PanelUI</Filter>
    </ClCompile>
    <ClCompile Include="GameBtnUI.cpp">
      <Filter>Engine\06. Object\UI\BtnUI</Filter>
    </ClCompile>
    <ClCompile Include="GameUIMgr.cpp">
      <Filter>Engine\03. Manager\UIMgr</Filter>
    </ClCompile>
    <ClCompile Include="GameSight.cpp">
      <Filter>Engine\06. Object\Attack</Filter>
    </ClCompile>
    <ClCompile Include="GameFloatIdleState.cpp">
      <Filter>Engine\08. Module\AI\State\Float</Filter>
    </ClCompile>
    <ClCompile Include="GameWalkState.cpp">
      <Filter>Engine\08. Module\AI\State\Ground</Filter>
    </ClCompile>
    <ClCompile Include="GameAttack.cpp">
      <Filter>Engine\06. Object\Attack</Filter>
    </ClCompile>
    <ClCompile Include="GameDrawnState.cpp">
      <Filter>Engine\08. Module\AI\State</Filter>
    </ClCompile>
  </ItemGroup>
  <ItemGroup>
    <ResourceCompile Include="Client.rc">
      <Filter>Default\Resource Files</Filter>
    </ResourceCompile>
  </ItemGroup>
  <ItemGroup>
    <Image Include="small.ico">
      <Filter>Default\Resource Files</Filter>
    </Image>
    <Image Include="Client.ico">
      <Filter>Default\Resource Files</Filter>
    </Image>
  </ItemGroup>
</Project>